
Microsoft Visual Studio Solution File, Format Version 12.00
# Visual Studio Version 16
VisualStudioVersion = 16.0.30413.136
MinimumVisualStudioVersion = 10.0.40219.1
Project("{2150E333-8FDC-42A3-9474-1A3956D46DE8}") = "Softplan.Taxa", "Softplan.Taxa", "{B848670C-8E1B-4348-902B-A3B7961CA7CE}"
EndProject
Project("{2150E333-8FDC-42A3-9474-1A3956D46DE8}") = "Softplan.Calculadora", "Softplan.Calculadora", "{40A1006B-BBCF-49E8-91AD-F77A0766F952}"
EndProject
Project("{9A19103F-16F7-4668-BE54-9A1E7A4F7556}") = "Softplan.Taxa.WebApi", "Taxa\Softplan.Taxa.WebApi\Softplan.Taxa.WebApi.csproj", "{B7CAB197-8404-4A13-A4CC-C80006104F53}"
EndProject
Project("{9A19103F-16F7-4668-BE54-9A1E7A4F7556}") = "Softplan.Taxa.Domain", "Taxa\Softplan.Taxa.Domain\Softplan.Taxa.Domain.csproj", "{CB85923A-2E67-4CDD-9B48-AAA555DC5C85}"
EndProject
Project("{9A19103F-16F7-4668-BE54-9A1E7A4F7556}") = "Softplan.Taxa.Infra.Data.Repository", "Taxa\Softplan.Taxa.Repository\Softplan.Taxa.Infra.Data.Repository.csproj", "{10142846-1929-4B49-ADAA-FADE88C6B8A9}"
EndProject
Project("{9A19103F-16F7-4668-BE54-9A1E7A4F7556}") = "Softplan.Calculadora.WebApi", "Calculadora\Softplan.Calculadora.WebApi\Softplan.Calculadora.WebApi.csproj", "{7889C98D-CCED-45DC-B99D-7476A5AA8879}"
EndProject
Project("{9A19103F-16F7-4668-BE54-9A1E7A4F7556}") = "Softplan.Calculadora.Domain", "Calculadora\Softplan.Calculadora.Domain\Softplan.Calculadora.Domain.csproj", "{5421B518-F1D0-45D3-8CFE-07E8DFD18DBC}"
EndProject
Project("{2150E333-8FDC-42A3-9474-1A3956D46DE8}") = "1 -Services", "1 -Services", "{64327F45-123F-49EE-B404-AE96DAC6A250}"
EndProject
Project("{2150E333-8FDC-42A3-9474-1A3956D46DE8}") = "1 - Services", "1 - Services", "{D7E99598-5DE5-437A-83EA-DC3C3C57CC44}"
EndProject
Project("{2150E333-8FDC-42A3-9474-1A3956D46DE8}") = "2 - Application", "2 - Application", "{0CC43684-FAAD-4B6E-BF98-919FD612DDEB}"
EndProject
Project("{2150E333-8FDC-42A3-9474-1A3956D46DE8}") = "3 - Domain", "3 - Domain", "{8F1EA3A1-14DF-4FE1-9C2C-8249608F6695}"
EndProject
Project("{2150E333-8FDC-42A3-9474-1A3956D46DE8}") = "4 - Infra", "4 - Infra", "{896444F0-8B9E-4339-9466-B94804F807C6}"
EndProject
Project("{2150E333-8FDC-42A3-9474-1A3956D46DE8}") = "4.1 - Data", "4.1 - Data", "{6AA42FA9-FC0C-4753-A956-2E25B5A90EB6}"
EndProject
Project("{2150E333-8FDC-42A3-9474-1A3956D46DE8}") = "4.2 - Crosscutting", "4.2 - Crosscutting", "{C3A0CC1A-3A5B-4219-8943-F294A99F2252}"
EndProject
Project("{9A19103F-16F7-4668-BE54-9A1E7A4F7556}") = "Softplan.Taxa.Infra.CrossCutting.Ioc", "Taxa\Softplan.Taxa.Infra.CrossCutting.Ioc\Softplan.Taxa.Infra.CrossCutting.Ioc.csproj", "{B689D6D6-BD68-4CF6-B069-F9893D721DDD}"
EndProject
Project("{2150E333-8FDC-42A3-9474-1A3956D46DE8}") = "8 - Test", "8 - Test", "{CC83E145-052F-4B45-9670-5395D6C32CE0}"
EndProject
Project("{2150E333-8FDC-42A3-9474-1A3956D46DE8}") = "3 - Domain", "3 - Domain", "{EDDD143A-F27C-4E6A-ACF3-870AFD50B0EA}"
EndProject
Project("{2150E333-8FDC-42A3-9474-1A3956D46DE8}") = "4 - Infra", "4 - Infra", "{96E28152-21A4-41D0-9781-D50BC2899D6C}"
EndProject
Project("{2150E333-8FDC-42A3-9474-1A3956D46DE8}") = "4.2 - Crosscutting", "4.2 - Crosscutting", "{BF4685E2-9C03-4515-8DCA-EB6619355ED5}"
EndProject
Project("{9A19103F-16F7-4668-BE54-9A1E7A4F7556}") = "Softplan.Calculadora.Infra.CrossCutting.Ioc", "Calculadora\Softplan.Calculadora.Infra.CrossCutting.Ioc\Softplan.Calculadora.Infra.CrossCutting.Ioc.csproj", "{23A74026-2B5E-4A90-A708-74E016642624}"
EndProject
Project("{2150E333-8FDC-42A3-9474-1A3956D46DE8}") = "8 - Tests", "8 - Tests", "{B1DF22C1-8726-49D7-A7F0-137713BE9862}"
EndProject
Project("{2150E333-8FDC-42A3-9474-1A3956D46DE8}") = "5 - Integration", "5 - Integration", "{E9D6208D-6301-405C-82DC-551EC7BFEC80}"
EndProject
Project("{9A19103F-16F7-4668-BE54-9A1E7A4F7556}") = "Softplan.Calculadora.Integration.Contracts", "Calculadora\Softplan.Calculadora.Integration.Contracts\Softplan.Calculadora.Integration.Contracts.csproj", "{99324798-BA3E-42ED-B554-B28D08B38448}"
EndProject
Project("{9A19103F-16F7-4668-BE54-9A1E7A4F7556}") = "Softplan.Calculadora.Integration.Factory", "Calculadora\Softplan.Calculadora.Integration.Factory\Softplan.Calculadora.Integration.Factory.csproj", "{3E492F10-FF76-4458-863C-2A45851F3A87}"
EndProject
Project("{2150E333-8FDC-42A3-9474-1A3956D46DE8}") = "2 - Application", "2 - Application", "{1BB79F1F-B134-421E-836F-971A9516BBF9}"
EndProject
Project("{FAE04EC0-301F-11D3-BF4B-00C04F79EFBC}") = "Softplan.Calculadora.Application", "Calculadora\Softplan.Calculadora.Application\Softplan.Calculadora.Application.csproj", "{0B943EBE-08F8-4BB8-9CCA-9B46069FAA4A}"
EndProject
Project("{FAE04EC0-301F-11D3-BF4B-00C04F79EFBC}") = "Softplan.Taxa.Application", "Taxa\Softplan.Taxa.Application\Softplan.Taxa.Application.csproj", "{5788E1A8-37AA-43EA-A9B6-C5C2A50A9745}"
EndProject
Global
	GlobalSection(SolutionConfigurationPlatforms) = preSolution
		Debug|Any CPU = Debug|Any CPU
		Release|Any CPU = Release|Any CPU
	EndGlobalSection
	GlobalSection(ProjectConfigurationPlatforms) = postSolution
		{B7CAB197-8404-4A13-A4CC-C80006104F53}.Debug|Any CPU.ActiveCfg = Debug|Any CPU
		{B7CAB197-8404-4A13-A4CC-C80006104F53}.Debug|Any CPU.Build.0 = Debug|Any CPU
		{B7CAB197-8404-4A13-A4CC-C80006104F53}.Release|Any CPU.ActiveCfg = Release|Any CPU
		{B7CAB197-8404-4A13-A4CC-C80006104F53}.Release|Any CPU.Build.0 = Release|Any CPU
		{CB85923A-2E67-4CDD-9B48-AAA555DC5C85}.Debug|Any CPU.ActiveCfg = Debug|Any CPU
		{CB85923A-2E67-4CDD-9B48-AAA555DC5C85}.Debug|Any CPU.Build.0 = Debug|Any CPU
		{CB85923A-2E67-4CDD-9B48-AAA555DC5C85}.Release|Any CPU.ActiveCfg = Release|Any CPU
		{CB85923A-2E67-4CDD-9B48-AAA555DC5C85}.Release|Any CPU.Build.0 = Release|Any CPU
		{10142846-1929-4B49-ADAA-FADE88C6B8A9}.Debug|Any CPU.ActiveCfg = Debug|Any CPU
		{10142846-1929-4B49-ADAA-FADE88C6B8A9}.Debug|Any CPU.Build.0 = Debug|Any CPU
		{10142846-1929-4B49-ADAA-FADE88C6B8A9}.Release|Any CPU.ActiveCfg = Release|Any CPU
		{10142846-1929-4B49-ADAA-FADE88C6B8A9}.Release|Any CPU.Build.0 = Release|Any CPU
		{7889C98D-CCED-45DC-B99D-7476A5AA8879}.Debug|Any CPU.ActiveCfg = Debug|Any CPU
		{7889C98D-CCED-45DC-B99D-7476A5AA8879}.Debug|Any CPU.Build.0 = Debug|Any CPU
		{7889C98D-CCED-45DC-B99D-7476A5AA8879}.Release|Any CPU.ActiveCfg = Release|Any CPU
		{7889C98D-CCED-45DC-B99D-7476A5AA8879}.Release|Any CPU.Build.0 = Release|Any CPU
		{5421B518-F1D0-45D3-8CFE-07E8DFD18DBC}.Debug|Any CPU.ActiveCfg = Debug|Any CPU
		{5421B518-F1D0-45D3-8CFE-07E8DFD18DBC}.Debug|Any CPU.Build.0 = Debug|Any CPU
		{5421B518-F1D0-45D3-8CFE-07E8DFD18DBC}.Release|Any CPU.ActiveCfg = Release|Any CPU
		{5421B518-F1D0-45D3-8CFE-07E8DFD18DBC}.Release|Any CPU.Build.0 = Release|Any CPU
		{B689D6D6-BD68-4CF6-B069-F9893D721DDD}.Debug|Any CPU.ActiveCfg = Debug|Any CPU
		{B689D6D6-BD68-4CF6-B069-F9893D721DDD}.Debug|Any CPU.Build.0 = Debug|Any CPU
		{B689D6D6-BD68-4CF6-B069-F9893D721DDD}.Release|Any CPU.ActiveCfg = Release|Any CPU
		{B689D6D6-BD68-4CF6-B069-F9893D721DDD}.Release|Any CPU.Build.0 = Release|Any CPU
		{23A74026-2B5E-4A90-A708-74E016642624}.Debug|Any CPU.ActiveCfg = Debug|Any CPU
		{23A74026-2B5E-4A90-A708-74E016642624}.Debug|Any CPU.Build.0 = Debug|Any CPU
		{23A74026-2B5E-4A90-A708-74E016642624}.Release|Any CPU.ActiveCfg = Release|Any CPU
		{23A74026-2B5E-4A90-A708-74E016642624}.Release|Any CPU.Build.0 = Release|Any CPU
		{99324798-BA3E-42ED-B554-B28D08B38448}.Debug|Any CPU.ActiveCfg = Debug|Any CPU
		{99324798-BA3E-42ED-B554-B28D08B38448}.Debug|Any CPU.Build.0 = Debug|Any CPU
		{99324798-BA3E-42ED-B554-B28D08B38448}.Release|Any CPU.ActiveCfg = Release|Any CPU
		{99324798-BA3E-42ED-B554-B28D08B38448}.Release|Any CPU.Build.0 = Release|Any CPU
		{3E492F10-FF76-4458-863C-2A45851F3A87}.Debug|Any CPU.ActiveCfg = Debug|Any CPU
		{3E492F10-FF76-4458-863C-2A45851F3A87}.Debug|Any CPU.Build.0 = Debug|Any CPU
		{3E492F10-FF76-4458-863C-2A45851F3A87}.Release|Any CPU.ActiveCfg = Release|Any CPU
		{3E492F10-FF76-4458-863C-2A45851F3A87}.Release|Any CPU.Build.0 = Release|Any CPU
		{0B943EBE-08F8-4BB8-9CCA-9B46069FAA4A}.Debug|Any CPU.ActiveCfg = Debug|Any CPU
		{0B943EBE-08F8-4BB8-9CCA-9B46069FAA4A}.Debug|Any CPU.Build.0 = Debug|Any CPU
		{0B943EBE-08F8-4BB8-9CCA-9B46069FAA4A}.Release|Any CPU.ActiveCfg = Release|Any CPU
		{0B943EBE-08F8-4BB8-9CCA-9B46069FAA4A}.Release|Any CPU.Build.0 = Release|Any CPU
		{5788E1A8-37AA-43EA-A9B6-C5C2A50A9745}.Debug|Any CPU.ActiveCfg = Debug|Any CPU
		{5788E1A8-37AA-43EA-A9B6-C5C2A50A9745}.Debug|Any CPU.Build.0 = Debug|Any CPU
		{5788E1A8-37AA-43EA-A9B6-C5C2A50A9745}.Release|Any CPU.ActiveCfg = Release|Any CPU
		{5788E1A8-37AA-43EA-A9B6-C5C2A50A9745}.Release|Any CPU.Build.0 = Release|Any CPU
	EndGlobalSection
	GlobalSection(SolutionProperties) = preSolution
		HideSolutionNode = FALSE
	EndGlobalSection
	GlobalSection(NestedProjects) = preSolution
		{B7CAB197-8404-4A13-A4CC-C80006104F53} = {D7E99598-5DE5-437A-83EA-DC3C3C57CC44}
		{CB85923A-2E67-4CDD-9B48-AAA555DC5C85} = {8F1EA3A1-14DF-4FE1-9C2C-8249608F6695}
		{10142846-1929-4B49-ADAA-FADE88C6B8A9} = {6AA42FA9-FC0C-4753-A956-2E25B5A90EB6}
		{7889C98D-CCED-45DC-B99D-7476A5AA8879} = {64327F45-123F-49EE-B404-AE96DAC6A250}
		{5421B518-F1D0-45D3-8CFE-07E8DFD18DBC} = {EDDD143A-F27C-4E6A-ACF3-870AFD50B0EA}
		{64327F45-123F-49EE-B404-AE96DAC6A250} = {40A1006B-BBCF-49E8-91AD-F77A0766F952}
		{D7E99598-5DE5-437A-83EA-DC3C3C57CC44} = {B848670C-8E1B-4348-902B-A3B7961CA7CE}
		{0CC43684-FAAD-4B6E-BF98-919FD612DDEB} = {B848670C-8E1B-4348-902B-A3B7961CA7CE}
		{8F1EA3A1-14DF-4FE1-9C2C-8249608F6695} = {B848670C-8E1B-4348-902B-A3B7961CA7CE}
		{896444F0-8B9E-4339-9466-B94804F807C6} = {B848670C-8E1B-4348-902B-A3B7961CA7CE}
		{6AA42FA9-FC0C-4753-A956-2E25B5A90EB6} = {896444F0-8B9E-4339-9466-B94804F807C6}
		{C3A0CC1A-3A5B-4219-8943-F294A99F2252} = {896444F0-8B9E-4339-9466-B94804F807C6}
		{B689D6D6-BD68-4CF6-B069-F9893D721DDD} = {C3A0CC1A-3A5B-4219-8943-F294A99F2252}
		{CC83E145-052F-4B45-9670-5395D6C32CE0} = {B848670C-8E1B-4348-902B-A3B7961CA7CE}
		{EDDD143A-F27C-4E6A-ACF3-870AFD50B0EA} = {40A1006B-BBCF-49E8-91AD-F77A0766F952}
		{96E28152-21A4-41D0-9781-D50BC2899D6C} = {40A1006B-BBCF-49E8-91AD-F77A0766F952}
		{BF4685E2-9C03-4515-8DCA-EB6619355ED5} = {96E28152-21A4-41D0-9781-D50BC2899D6C}
		{23A74026-2B5E-4A90-A708-74E016642624} = {BF4685E2-9C03-4515-8DCA-EB6619355ED5}
		{B1DF22C1-8726-49D7-A7F0-137713BE9862} = {40A1006B-BBCF-49E8-91AD-F77A0766F952}
		{E9D6208D-6301-405C-82DC-551EC7BFEC80} = {40A1006B-BBCF-49E8-91AD-F77A0766F952}
		{99324798-BA3E-42ED-B554-B28D08B38448} = {E9D6208D-6301-405C-82DC-551EC7BFEC80}
		{3E492F10-FF76-4458-863C-2A45851F3A87} = {E9D6208D-6301-405C-82DC-551EC7BFEC80}
		{1BB79F1F-B134-421E-836F-971A9516BBF9} = {40A1006B-BBCF-49E8-91AD-F77A0766F952}
		{0B943EBE-08F8-4BB8-9CCA-9B46069FAA4A} = {1BB79F1F-B134-421E-836F-971A9516BBF9}
		{5788E1A8-37AA-43EA-A9B6-C5C2A50A9745} = {0CC43684-FAAD-4B6E-BF98-919FD612DDEB}
	EndGlobalSection
	GlobalSection(ExtensibilityGlobals) = postSolution
		SolutionGuid = {7A9ABBC7-8CC6-43E9-A384-4072E2A2EFF0}
	EndGlobalSection
EndGlobal
